
Microsoft Visual Studio Solution File, Format Version 12.00
# Visual Studio Version 16
VisualStudioVersion = 16.0.33927.289
MinimumVisualStudioVersion = 10.0.40219.1
Project("{9A19103F-16F7-4668-BE54-9A1E7A4F7556}") = "Sicklines", "Sicklines Plugin\Sicklines.csproj", "{B46C7DF5-E391-4709-87A0-7EB8B5599E36}"
EndProject
Project("{FAE04EC0-301F-11D3-BF4B-00C04F79EFBC}") = "SicklinesMono", "SicklinesMono\SicklinesMono.csproj", "{47658AAA-F16D-442A-AA38-D8A9B9A4C3CE}"
EndProject
Global
	GlobalSection(SolutionConfigurationPlatforms) = preSolution
		Debug|Any CPU = Debug|Any CPU
		Release|Any CPU = Release|Any CPU
	EndGlobalSection
	GlobalSection(ProjectConfigurationPlatforms) = postSolution
		{B46C7DF5-E391-4709-87A0-7EB8B5599E36}.Debug|Any CPU.ActiveCfg = Debug|Any CPU
		{B46C7DF5-E391-4709-87A0-7EB8B5599E36}.Debug|Any CPU.Build.0 = Debug|Any CPU
		{B46C7DF5-E391-4709-87A0-7EB8B5599E36}.Release|Any CPU.ActiveCfg = Release|Any CPU
		{B46C7DF5-E391-4709-87A0-7EB8B5599E36}.Release|Any CPU.Build.0 = Release|Any CPU
		{47658AAA-F16D-442A-AA38-D8A9B9A4C3CE}.Debug|Any CPU.ActiveCfg = Debug|Any CPU
		{47658AAA-F16D-442A-AA38-D8A9B9A4C3CE}.Debug|Any CPU.Build.0 = Debug|Any CPU
		{47658AAA-F16D-442A-AA38-D8A9B9A4C3CE}.Release|Any CPU.ActiveCfg = Release|Any CPU
		{47658AAA-F16D-442A-AA38-D8A9B9A4C3CE}.Release|Any CPU.Build.0 = Release|Any CPU
	EndGlobalSection
	GlobalSection(SolutionProperties) = preSolution
		HideSolutionNode = FALSE
	EndGlobalSection
	GlobalSection(ExtensibilityGlobals) = postSolution
		SolutionGuid = {3FC1789A-63D9-4DEE-AE34-F83B71D351FC}
	EndGlobalSection
EndGlobal
